{
  "name": "fishing-ground-weapp",
  "lockfileVersion": 2,
  "requires": true,
  "packages": {
    "": {
      "dependencies": {
        "@vant/weapp": "^1.11.6"
      }
    },
    "node_modules/@vant/weapp": {
      "version": "1.11.6",
      "license": "MIT"
    }
  },
  "dependencies": {
    "@vant/weapp": {
      "version": "1.11.6"
    }
  }
}
