lockfileVersion: '9.0'

settings:
  autoInstallPeers: true
  excludeLinksFromLockfile: false

importers:

  .:
    dependencies:
      '@vant/weapp':
        specifier: ^1.11.6
        version: 1.11.6
      mobx-miniprogram:
        specifier: ^6.12.3
        version: 6.12.3
      mobx-miniprogram-bindings:
        specifier: ^3.0.1
        version: 3.0.1(mobx-miniprogram@6.12.3)

packages:

  '@vant/weapp@1.11.6':
    resolution: {integrity: sha512-a3heReWYT2gNdsyj6x1hBwsM8V8NrjcPAmle86NH2CD2V/i/h0le75piW6KntSfOPCwekVWMBKhysNrBpJeKdw==}

  mobx-miniprogram-bindings@3.0.1:
    resolution: {integrity: sha512-pS/l/9LBDThxMEW/AqNQzr1D/NrNRwMqBkgn6HSkIx4LuHiM6GhlJlOY5pygqj4XOreDwnPU1bxiC+6yLFsmiw==}
    peerDependencies:
      mobx-miniprogram: ^6.0.0

  mobx-miniprogram@6.12.3:
    resolution: {integrity: sha512-GEq1EG7jZPnrHYV43oppa6jY9lgbNRuGPiXyOFRoluHjd5LIGBf3a+zXMjzO1AVwrFOWvVRazxtzfiRXMUUqZw==}

snapshots:

  '@vant/weapp@1.11.6': {}

  mobx-miniprogram-bindings@3.0.1(mobx-miniprogram@6.12.3):
    dependencies:
      mobx-miniprogram: 6.12.3

  mobx-miniprogram@6.12.3: {}
